github.com/tidwall/cities v0.1.0 h1:CVNkmMf7NEC9Bvokf5GoSsArHCKRMTgLuubRTHnH0mE=
github.com/tidwall/cities v0.1.0/go.mod h1:lV/HDp2gCcRcHJWqgt6Di54GiDrTZwh1aG2ZUPNbqa4=
github.com/tidwall/geoindex v1.4.4 h1:hdwzy5qNtK75i7nus59Ibr+SwcH4F2v65bw4txrLJ9M=
github.com/tidwall/geoindex v1.4.4/go.mod h1:rvVVNEFfkJVWGUdEfU8QaoOg/9zFX0h9ofWzA60mz1I=
github.com/tidwall/lotsa v1.0.2 h1:dNVBH5MErdaQ/xd9s769R31/n2dXavsQ0Yf4TMEHHw8=
github.com/tidwall/lotsa v1.0.2/go.mod h1:X6NiU+4yHA3fE3Puvpnn1XMDrFZrE9JO2/w+UMuqgR8=
github.com/tidwall/ptree v0.1.1 h1:yGJPNTPlUppTe90mmfQur1hp7v9tSKs+ZpBkBx3GnPw=
github.com/tidwall/ptree v0.1.1/go.mod h1:OXLju4VFn0gcLOQXYUVNgXc5rBPSDDM/FVrFaXxaP9E=
github.com/tidwall/rtree v1.2.8 h1:KzqIidAdzviaRM3BQoAHMym1zy2HYE2ta+UOPse9Pyo=
github.com/tidwall/rtree v1.2.8/go.mod h1:S+JSsqPTI8LfWA4xHBo5eXzie8WJLVFeppAutSegl6M=
